
Microsoft Visual Studio Solution File, Format Version 12.00
# Visual Studio Version 17
VisualStudioVersion = 17.10.34818.151
MinimumVisualStudioVersion = 10.0.40219.1
Project("{9A19103F-16F7-4668-BE54-9A1E7A4F7556}") = "Architecture.Presentation", "Architecture.Presentation\Architecture.Presentation.csproj", "{5051B089-D4F1-4344-B5D0-13B1980C8FB6}"
EndProject
Project("{9A19103F-16F7-4668-BE54-9A1E7A4F7556}") = "Architecture.Application", "Architecture.Application\Architecture.Application.csproj", "{861B223F-AD56-4D8E-AC77-614D4B3AD76A}"
EndProject
Project("{9A19103F-16F7-4668-BE54-9A1E7A4F7556}") = "Architecture.Domain", "Architecture.Domain\Architecture.Domain.csproj", "{F3BCBBAB-D1CD-45BC-84BA-37D4695FD3A6}"
EndProject
Project("{9A19103F-16F7-4668-BE54-9A1E7A4F7556}") = "Architecture.Infrastructure", "ArchitectureInfrastructure\Architecture.Infrastructure.csproj", "{2E6D41DE-F459-41F6-AF1A-E7893378C443}"
EndProject
Global
	GlobalSection(SolutionConfigurationPlatforms) = preSolution
		Debug|Any CPU = Debug|Any CPU
		Release|Any CPU = Release|Any CPU
	EndGlobalSection
	GlobalSection(ProjectConfigurationPlatforms) = postSolution
		{5051B089-D4F1-4344-B5D0-13B1980C8FB6}.Debug|Any CPU.ActiveCfg = Debug|Any CPU
		{5051B089-D4F1-4344-B5D0-13B1980C8FB6}.Debug|Any CPU.Build.0 = Debug|Any CPU
		{5051B089-D4F1-4344-B5D0-13B1980C8FB6}.Release|Any CPU.ActiveCfg = Release|Any CPU
		{5051B089-D4F1-4344-B5D0-13B1980C8FB6}.Release|Any CPU.Build.0 = Release|Any CPU
		{861B223F-AD56-4D8E-AC77-614D4B3AD76A}.Debug|Any CPU.ActiveCfg = Debug|Any CPU
		{861B223F-AD56-4D8E-AC77-614D4B3AD76A}.Debug|Any CPU.Build.0 = Debug|Any CPU
		{861B223F-AD56-4D8E-AC77-614D4B3AD76A}.Release|Any CPU.ActiveCfg = Release|Any CPU
		{861B223F-AD56-4D8E-AC77-614D4B3AD76A}.Release|Any CPU.Build.0 = Release|Any CPU
		{F3BCBBAB-D1CD-45BC-84BA-37D4695FD3A6}.Debug|Any CPU.ActiveCfg = Debug|Any CPU
		{F3BCBBAB-D1CD-45BC-84BA-37D4695FD3A6}.Debug|Any CPU.Build.0 = Debug|Any CPU
		{F3BCBBAB-D1CD-45BC-84BA-37D4695FD3A6}.Release|Any CPU.ActiveCfg = Release|Any CPU
		{F3BCBBAB-D1CD-45BC-84BA-37D4695FD3A6}.Release|Any CPU.Build.0 = Release|Any CPU
		{2E6D41DE-F459-41F6-AF1A-E7893378C443}.Debug|Any CPU.ActiveCfg = Debug|Any CPU
		{2E6D41DE-F459-41F6-AF1A-E7893378C443}.Debug|Any CPU.Build.0 = Debug|Any CPU
		{2E6D41DE-F459-41F6-AF1A-E7893378C443}.Release|Any CPU.ActiveCfg = Release|Any CPU
		{2E6D41DE-F459-41F6-AF1A-E7893378C443}.Release|Any CPU.Build.0 = Release|Any CPU
	EndGlobalSection
	GlobalSection(SolutionProperties) = preSolution
		HideSolutionNode = FALSE
	EndGlobalSection
	GlobalSection(ExtensibilityGlobals) = postSolution
		SolutionGuid = {059C26E4-9891-4426-A5DA-32AA3DC8BD65}
	EndGlobalSection
EndGlobal
